
Microsoft Visual Studio Solution File, Format Version 12.00
# Visual Studio Version 17
VisualStudioVersion = 17.13.35825.156
MinimumVisualStudioVersion = 10.0.40219.1
Project("{FAE04EC0-301F-11D3-BF4B-00C04F79EFBC}") = "CrpDbCalls", "CrpDbCalls\CrpDbCalls.csproj", "{81BE7315-E92C-46DB-81F0-EC2CFBED2B14}"
EndProject
Project("{FAE04EC0-301F-11D3-BF4B-00C04F79EFBC}") = "GetObjectIdByObjectNbr", "GetObjectIdByObjectNbr\GetObjectIdByObjectNbr.csproj", "{A775282C-DE59-4047-9713-7775DE1F418F}"
EndProject
Project("{FAE04EC0-301F-11D3-BF4B-00C04F79EFBC}") = "Keycloak.Auth", "Keycloak.Auth\Keycloak.Auth.csproj", "{82BFA25D-2E14-4663-8007-0A4FB9B7168F}"
EndProject
Project("{FAE04EC0-301F-11D3-BF4B-00C04F79EFBC}") = "Keycloak.API", "Keycloak.API\Keycloak.API.csproj", "{70A995EE-5040-4836-95B3-4DEDC668911F}"
EndProject
Project("{FAE04EC0-301F-11D3-BF4B-00C04F79EFBC}") = "Keycloak.Migration", "Keycloak.Migration\Keycloak.Migration.csproj", "{5DC3B031-DC2D-48B4-B3D5-C1B2677B9606}"
EndProject
Project("{FAE04EC0-301F-11D3-BF4B-00C04F79EFBC}") = "NOLS", "NOLS\NOLS.csproj", "{35449444-0522-4072-951E-1934FB65F34C}"
EndProject
Project("{FAE04EC0-301F-11D3-BF4B-00C04F79EFBC}") = "OpenApiIssue", "OpenApiIssue\OpenApiIssue.csproj", "{2426FDE3-3DF9-427A-8C01-8ABDE8B25EA5}"
EndProject
Project("{FAE04EC0-301F-11D3-BF4B-00C04F79EFBC}") = "Microsoft.AspNetCore.JsonPatch", "JsonPatch\src\Microsoft.AspNetCore.JsonPatch.csproj", "{2DA9A508-2AAC-5400-5C4D-862CAF25C7C0}"
EndProject
Project("{FAE04EC0-301F-11D3-BF4B-00C04F79EFBC}") = "JsonPatchExploration", "JsonPatchExploration\JsonPatchExploration.csproj", "{E68B9846-743A-4E8E-8FD4-DF98A3542349}"
EndProject
Global
	GlobalSection(SolutionConfigurationPlatforms) = preSolution
		Debug|Any CPU = Debug|Any CPU
		Release|Any CPU = Release|Any CPU
	EndGlobalSection
	GlobalSection(ProjectConfigurationPlatforms) = postSolution
		{81BE7315-E92C-46DB-81F0-EC2CFBED2B14}.Debug|Any CPU.ActiveCfg = Debug|Any CPU
		{81BE7315-E92C-46DB-81F0-EC2CFBED2B14}.Debug|Any CPU.Build.0 = Debug|Any CPU
		{81BE7315-E92C-46DB-81F0-EC2CFBED2B14}.Release|Any CPU.ActiveCfg = Release|Any CPU
		{81BE7315-E92C-46DB-81F0-EC2CFBED2B14}.Release|Any CPU.Build.0 = Release|Any CPU
		{A775282C-DE59-4047-9713-7775DE1F418F}.Debug|Any CPU.ActiveCfg = Debug|Any CPU
		{A775282C-DE59-4047-9713-7775DE1F418F}.Debug|Any CPU.Build.0 = Debug|Any CPU
		{A775282C-DE59-4047-9713-7775DE1F418F}.Release|Any CPU.ActiveCfg = Release|Any CPU
		{A775282C-DE59-4047-9713-7775DE1F418F}.Release|Any CPU.Build.0 = Release|Any CPU
		{82BFA25D-2E14-4663-8007-0A4FB9B7168F}.Debug|Any CPU.ActiveCfg = Debug|Any CPU
		{82BFA25D-2E14-4663-8007-0A4FB9B7168F}.Debug|Any CPU.Build.0 = Debug|Any CPU
		{82BFA25D-2E14-4663-8007-0A4FB9B7168F}.Release|Any CPU.ActiveCfg = Release|Any CPU
		{82BFA25D-2E14-4663-8007-0A4FB9B7168F}.Release|Any CPU.Build.0 = Release|Any CPU
		{70A995EE-5040-4836-95B3-4DEDC668911F}.Debug|Any CPU.ActiveCfg = Debug|Any CPU
		{70A995EE-5040-4836-95B3-4DEDC668911F}.Debug|Any CPU.Build.0 = Debug|Any CPU
		{70A995EE-5040-4836-95B3-4DEDC668911F}.Release|Any CPU.ActiveCfg = Release|Any CPU
		{70A995EE-5040-4836-95B3-4DEDC668911F}.Release|Any CPU.Build.0 = Release|Any CPU
		{5DC3B031-DC2D-48B4-B3D5-C1B2677B9606}.Debug|Any CPU.ActiveCfg = Debug|Any CPU
		{5DC3B031-DC2D-48B4-B3D5-C1B2677B9606}.Debug|Any CPU.Build.0 = Debug|Any CPU
		{5DC3B031-DC2D-48B4-B3D5-C1B2677B9606}.Release|Any CPU.ActiveCfg = Release|Any CPU
		{5DC3B031-DC2D-48B4-B3D5-C1B2677B9606}.Release|Any CPU.Build.0 = Release|Any CPU
		{35449444-0522-4072-951E-1934FB65F34C}.Debug|Any CPU.ActiveCfg = Debug|Any CPU
		{35449444-0522-4072-951E-1934FB65F34C}.Debug|Any CPU.Build.0 = Debug|Any CPU
		{35449444-0522-4072-951E-1934FB65F34C}.Release|Any CPU.ActiveCfg = Release|Any CPU
		{35449444-0522-4072-951E-1934FB65F34C}.Release|Any CPU.Build.0 = Release|Any CPU
		{2426FDE3-3DF9-427A-8C01-8ABDE8B25EA5}.Debug|Any CPU.ActiveCfg = Debug|Any CPU
		{2426FDE3-3DF9-427A-8C01-8ABDE8B25EA5}.Debug|Any CPU.Build.0 = Debug|Any CPU
		{2426FDE3-3DF9-427A-8C01-8ABDE8B25EA5}.Release|Any CPU.ActiveCfg = Release|Any CPU
		{2426FDE3-3DF9-427A-8C01-8ABDE8B25EA5}.Release|Any CPU.Build.0 = Release|Any CPU
		{2DA9A508-2AAC-5400-5C4D-862CAF25C7C0}.Debug|Any CPU.ActiveCfg = Debug|Any CPU
		{2DA9A508-2AAC-5400-5C4D-862CAF25C7C0}.Debug|Any CPU.Build.0 = Debug|Any CPU
		{2DA9A508-2AAC-5400-5C4D-862CAF25C7C0}.Release|Any CPU.ActiveCfg = Release|Any CPU
		{2DA9A508-2AAC-5400-5C4D-862CAF25C7C0}.Release|Any CPU.Build.0 = Release|Any CPU
		{E68B9846-743A-4E8E-8FD4-DF98A3542349}.Debug|Any CPU.ActiveCfg = Debug|Any CPU
		{E68B9846-743A-4E8E-8FD4-DF98A3542349}.Debug|Any CPU.Build.0 = Debug|Any CPU
		{E68B9846-743A-4E8E-8FD4-DF98A3542349}.Release|Any CPU.ActiveCfg = Release|Any CPU
		{E68B9846-743A-4E8E-8FD4-DF98A3542349}.Release|Any CPU.Build.0 = Release|Any CPU
	EndGlobalSection
	GlobalSection(SolutionProperties) = preSolution
		HideSolutionNode = FALSE
	EndGlobalSection
	GlobalSection(ExtensibilityGlobals) = postSolution
		SolutionGuid = {EA087CD8-86B9-4CC8-9114-6C7DDB37B1EC}
	EndGlobalSection
EndGlobal
